# This file is automatically @generated by Cargo.
# It is not intended for manual editing.
version = 3

[[package]]
name = "of_adapters"
version = "0.1.0"
dependencies = [
 "of_core",
]

[[package]]
name = "of_core"
version = "0.1.0"

[[package]]
name = "of_ffi_c"
version = "0.1.0"
dependencies = [
 "of_adapters",
 "of_core",
 "of_runtime",
 "of_signals",
]

[[package]]
name = "of_persist"
version = "0.1.0"
dependencies = [
 "of_core",
]

[[package]]
name = "of_runtime"
version = "0.1.0"
dependencies = [
 "of_adapters",
 "of_core",
 "of_persist",
 "of_signals",
]

[[package]]
name = "of_signals"
version = "0.1.0"
dependencies = [
 "of_core",
]

[[package]]
name = "perf_harness"
version = "0.1.0"
dependencies = [
 "of_adapters",
 "of_core",
 "of_runtime",
 "of_signals",
]

[[package]]
name = "replay_cli"
version = "0.1.0"
dependencies = [
 "of_adapters",
 "of_core",
 "of_runtime",
 "of_signals",
]
